{
  "originHash" : "3ee0c1e5ccafcaaeaeea807554f70426c7e5c5271c86f0aa7530f06ebf0eeb29",
  "pins" : [
    {
      "identity" : "couchbase-lite-swift",
      "kind" : "remoteSourceControl",
      "location" : "https://github.com/couchbase/couchbase-lite-swift",
      "state" : {
        "revision" : "26d5946a72fab2722f83c01c40116d0bd84a0819",
        "version" : "4.0.0"
      }
    },
    {
      "identity" : "swiftui-sturdy",
      "kind" : "remoteSourceControl",
      "location" : "https://github.com/OmAr-Kader/SwiftUI-Sturdy",
      "state" : {
        "revision" : "e6777745289b71dbd0610b2fe53194e29a07ad38",
        "version" : "1.1.4"
      }
    },
    {
      "identity" : "swinject",
      "kind" : "remoteSourceControl",
      "location" : "https://github.com/Swinject/Swinject",
      "state" : {
        "revision" : "b685b549fe4d8ae265fc7a2f27d0789720425d69",
        "version" : "2.10.0"
      }
    }
  ],
  "version" : 3
}
