{
  "originHash" : "f648a42bd49de1f25f7d18dfba86a0e30b96f23f15666f9386073b14961a75bb",
  "pins" : [
    {
      "identity" : "swift-syntax",
      "kind" : "remoteSourceControl",
      "location" : "https://github.com/swiftlang/swift-syntax.git",
      "state" : {
        "revision" : "4799286537280063c85a32f09884cfbca301b1a1",
        "version" : "602.0.0"
      }
    },
    {
      "identity" : "swiftui-sturdy",
      "kind" : "remoteSourceControl",
      "location" : "https://github.com/OmAr-Kader/SwiftUI-Sturdy",
      "state" : {
        "revision" : "b50ee8766ee4849d808d0d8e65a26ffe775e94f0",
        "version" : "1.2.4"
      }
    },
    {
      "identity" : "swinject",
      "kind" : "remoteSourceControl",
      "location" : "https://github.com/Swinject/Swinject",
      "state" : {
        "revision" : "b685b549fe4d8ae265fc7a2f27d0789720425d69",
        "version" : "2.10.0"
      }
    }
  ],
  "version" : 3
}
