// !$*UTF8*$!
{
	archiveVersion = 1;
	classes = {
	};
	objectVersion = 77;
	objects = {

/* Begin PBXBuildFile section */
		DC9466B52EC22B2600E4C0BD /* Config.xcconfig in Resources */ = {isa = PBXBuildFile; fileRef = DC9466B42EC22B2600E4C0BD /* Config.xcconfig */; };
		DCA84EA22EBD348900945801 /* .gitignore in Resources */ = {isa = PBXBuildFile; fileRef = DCA84EA12EBD348900945801 /* .gitignore */; };
		DCA84EA52EBD34C500945801 /* LICENSE in Resources */ = {isa = PBXBuildFile; fileRef = DCA84EA32EBD34C500945801 /* LICENSE */; };
		DCA84EA62EBD34C500945801 /* README.md in Resources */ = {isa = PBXBuildFile; fileRef = DCA84EA42EBD34C500945801 /* README.md */; };
		DCA84EAB2EBD358200945801 /* Swinject in Frameworks */ = {isa = PBXBuildFile; productRef = DCA84EAA2EBD358200945801 /* Swinject */; };
		DCA84EAE2EBD359400945801 /* CouchbaseLiteSwift in Frameworks */ = {isa = PBXBuildFile; productRef = DCA84EAD2EBD359400945801 /* CouchbaseLiteSwift */; };
		DCA84EB12EBD35A000945801 /* SwiftUISturdy in Frameworks */ = {isa = PBXBuildFile; productRef = DCA84EB02EBD35A000945801 /* SwiftUISturdy */; };
/* End PBXBuildFile section */

/* Begin PBXFileReference section */
		DC9466B42EC22B2600E4C0BD /* Config.xcconfig */ = {isa = PBXFileReference; lastKnownFileType = text.xcconfig; path = Config.xcconfig; sourceTree = "<group>"; };
		DCA84E932EBD345F00945801 /* DriveLine.app */ = {isa = PBXFileReference; explicitFileType = wrapper.application; includeInIndex = 0; path = DriveLine.app; sourceTree = BUILT_PRODUCTS_DIR; };
		DCA84EA12EBD348900945801 /* .gitignore */ = {isa = PBXFileReference; lastKnownFileType = text; path = .gitignore; sourceTree = "<group>"; };
		DCA84EA32EBD34C500945801 /* LICENSE */ = {isa = PBXFileReference; lastKnownFileType = text; path = LICENSE; sourceTree = "<group>"; };
		DCA84EA42EBD34C500945801 /* README.md */ = {isa = PBXFileReference; lastKnownFileType = net.daringfireball.markdown; path = README.md; sourceTree = "<group>"; };
/* End PBXFileReference section */

/* Begin PBXFileSystemSynchronizedBuildFileExceptionSet section */
		DCA84F8F2EBD36A200945801 /* Exceptions for "DriveLine" folder in "DriveLine" target */ = {
			isa = PBXFileSystemSynchronizedBuildFileExceptionSet;
			membershipExceptions = (
				Info.plist,
			);
			target = DCA84E922EBD345F00945801 /* DriveLine */;
		};
/* End PBXFileSystemSynchronizedBuildFileExceptionSet section */

/* Begin PBXFileSystemSynchronizedRootGroup section */
		DCA84E952EBD345F00945801 /* DriveLine */ = {
			isa = PBXFileSystemSynchronizedRootGroup;
			exceptions = (
				DCA84F8F2EBD36A200945801 /* Exceptions for "DriveLine" folder in "DriveLine" target */,
			);
			path = DriveLine;
			sourceTree = "<group>";
		};
/* End PBXFileSystemSynchronizedRootGroup section */

/* Begin PBXFrameworksBuildPhase section */
		DCA84E902EBD345F00945801 /* Frameworks */ = {
			isa = PBXFrameworksBuildPhase;
			buildActionMask = 2147483647;
			files = (
				DCA84EB12EBD35A000945801 /* SwiftUISturdy in Frameworks */,
				DCA84EAE2EBD359400945801 /* CouchbaseLiteSwift in Frameworks */,
				DCA84EAB2EBD358200945801 /* Swinject in Frameworks */,
			);
			runOnlyForDeploymentPostprocessing = 0;
		};
/* End PBXFrameworksBuildPhase section */

/* Begin PBXGroup section */
		DCA84E8A2EBD345E00945801 = {
			isa = PBXGroup;
			children = (
				DC9466B42EC22B2600E4C0BD /* Config.xcconfig */,
				DCA84EA32EBD34C500945801 /* LICENSE */,
				DCA84EA42EBD34C500945801 /* README.md */,
				DCA84EA12EBD348900945801 /* .gitignore */,
				DCA84E952EBD345F00945801 /* DriveLine */,
				DCA84E942EBD345F00945801 /* Products */,
			);
			sourceTree = "<group>";
		};
		DCA84E942EBD345F00945801 /* Products */ = {
			isa = PBXGroup;
			children = (
				DCA84E932EBD345F00945801 /* DriveLine.app */,
			);
			name = Products;
			sourceTree = "<group>";
		};
/* End PBXGroup section */

/* Begin PBXNativeTarget section */
		DCA84E922EBD345F00945801 /* DriveLine */ = {
			isa = PBXNativeTarget;
			buildConfigurationList = DCA84E9E2EBD345F00945801 /* Build configuration list for PBXNativeTarget "DriveLine" */;
			buildPhases = (
				DCA84E8F2EBD345F00945801 /* Sources */,
				DCA84E902EBD345F00945801 /* Frameworks */,
				DCA84E912EBD345F00945801 /* Resources */,
			);
			buildRules = (
			);
			dependencies = (
			);
			fileSystemSynchronizedGroups = (
				DCA84E952EBD345F00945801 /* DriveLine */,
			);
			name = DriveLine;
			packageProductDependencies = (
				DCA84EAA2EBD358200945801 /* Swinject */,
				DCA84EAD2EBD359400945801 /* CouchbaseLiteSwift */,
				DCA84EB02EBD35A000945801 /* SwiftUISturdy */,
			);
			productName = DriveLine;
			productReference = DCA84E932EBD345F00945801 /* DriveLine.app */;
			productType = "com.apple.product-type.application";
		};
/* End PBXNativeTarget section */

/* Begin PBXProject section */
		DCA84E8B2EBD345E00945801 /* Project object */ = {
			isa = PBXProject;
			attributes = {
				BuildIndependentTargetsInParallel = 1;
				LastSwiftUpdateCheck = 2610;
				LastUpgradeCheck = 2610;
				TargetAttributes = {
					DCA84E922EBD345F00945801 = {
						CreatedOnToolsVersion = 26.1;
					};
				};
			};
			buildConfigurationList = DCA84E8E2EBD345E00945801 /* Build configuration list for PBXProject "DriveLine" */;
			developmentRegion = en;
			hasScannedForEncodings = 0;
			knownRegions = (
				en,
				Base,
			);
			mainGroup = DCA84E8A2EBD345E00945801;
			minimizedProjectReferenceProxies = 1;
			packageReferences = (
				DCA84EA92EBD358200945801 /* XCRemoteSwiftPackageReference "Swinject" */,
				DCA84EAC2EBD359400945801 /* XCRemoteSwiftPackageReference "couchbase-lite-swift" */,
				DCA84EAF2EBD35A000945801 /* XCRemoteSwiftPackageReference "SwiftUI-Sturdy" */,
			);
			preferredProjectObjectVersion = 77;
			productRefGroup = DCA84E942EBD345F00945801 /* Products */;
			projectDirPath = "";
			projectRoot = "";
			targets = (
				DCA84E922EBD345F00945801 /* DriveLine */,
			);
		};
/* End PBXProject section */

/* Begin PBXResourcesBuildPhase section */
		DCA84E912EBD345F00945801 /* Resources */ = {
			isa = PBXResourcesBuildPhase;
			buildActionMask = 2147483647;
			files = (
				DCA84EA22EBD348900945801 /* .gitignore in Resources */,
				DCA84EA52EBD34C500945801 /* LICENSE in Resources */,
				DC9466B52EC22B2600E4C0BD /* Config.xcconfig in Resources */,
				DCA84EA62EBD34C500945801 /* README.md in Resources */,
			);
			runOnlyForDeploymentPostprocessing = 0;
		};
/* End PBXResourcesBuildPhase section */

/* Begin PBXSourcesBuildPhase section */
		DCA84E8F2EBD345F00945801 /* Sources */ = {
			isa = PBXSourcesBuildPhase;
			buildActionMask = 2147483647;
			files = (
			);
			runOnlyForDeploymentPostprocessing = 0;
		};
/* End PBXSourcesBuildPhase section */

/* Begin XCBuildConfiguration section */
		DCA84E9C2EBD345F00945801 /* Debug */ = {
			isa = XCBuildConfiguration;
			buildSettings = {
				ALWAYS_SEARCH_USER_PATHS = NO;
				ASSETCATALOG_COMPILER_GENERATE_SWIFT_ASSET_SYMBOL_EXTENSIONS = YES;
				CLANG_ANALYZER_NONNULL = YES;
				CLANG_ANALYZER_NUMBER_OBJECT_CONVERSION = YES_AGGRESSIVE;
				CLANG_CXX_LANGUAGE_STANDARD = "gnu++20";
				CLANG_ENABLE_MODULES = YES;
				CLANG_ENABLE_OBJC_ARC = YES;
				CLANG_ENABLE_OBJC_WEAK = YES;
				CLANG_WARN_BLOCK_CAPTURE_AUTORELEASING = YES;
				CLANG_WARN_BOOL_CONVERSION = YES;
				CLANG_WARN_COMMA = YES;
				CLANG_WARN_CONSTANT_CONVERSION = YES;
				CLANG_WARN_DEPRECATED_OBJC_IMPLEMENTATIONS = YES;
				CLANG_WARN_DIRECT_OBJC_ISA_USAGE = YES_ERROR;
				CLANG_WARN_DOCUMENTATION_COMMENTS = YES;
				CLANG_WARN_EMPTY_BODY = YES;
				CLANG_WARN_ENUM_CONVERSION = YES;
				CLANG_WARN_INFINITE_RECURSION = YES;
				CLANG_WARN_INT_CONVERSION = YES;
				CLANG_WARN_NON_LITERAL_NULL_CONVERSION = YES;
				CLANG_WARN_OBJC_IMPLICIT_RETAIN_SELF = YES;
				CLANG_WARN_OBJC_LITERAL_CONVERSION = YES;
				CLANG_WARN_OBJC_ROOT_CLASS = YES_ERROR;
				CLANG_WARN_QUOTED_INCLUDE_IN_FRAMEWORK_HEADER = YES;
				CLANG_WARN_RANGE_LOOP_ANALYSIS = YES;
				CLANG_WARN_STRICT_PROTOTYPES = YES;
				CLANG_WARN_SUSPICIOUS_MOVE = YES;
				CLANG_WARN_UNGUARDED_AVAILABILITY = YES_AGGRESSIVE;
				CLANG_WARN_UNREACHABLE_CODE = YES;
				CLANG_WARN__DUPLICATE_METHOD_MATCH = YES;
				COPY_PHASE_STRIP = NO;
				DEBUG_INFORMATION_FORMAT = dwarf;
				DEVELOPMENT_TEAM = 85F49QNXT3;
				ENABLE_STRICT_OBJC_MSGSEND = YES;
				ENABLE_TESTABILITY = YES;
				ENABLE_USER_SCRIPT_SANDBOXING = YES;
				GCC_C_LANGUAGE_STANDARD = gnu17;
				GCC_DYNAMIC_NO_PIC = NO;
				GCC_NO_COMMON_BLOCKS = YES;
				GCC_OPTIMIZATION_LEVEL = 0;
				GCC_PREPROCESSOR_DEFINITIONS = (
					"DEBUG=1",
					"$(inherited)",
				);
				GCC_WARN_64_TO_32_BIT_CONVERSION = YES;
				GCC_WARN_ABOUT_RETURN_TYPE = YES_ERROR;
				GCC_WARN_UNDECLARED_SELECTOR = YES;
				GCC_WARN_UNINITIALIZED_AUTOS = YES_AGGRESSIVE;
				GCC_WARN_UNUSED_FUNCTION = YES;
				GCC_WARN_UNUSED_VARIABLE = YES;
				IPHONEOS_DEPLOYMENT_TARGET = 26.1;
				LOCALIZATION_PREFERS_STRING_CATALOGS = YES;
				MTL_ENABLE_DEBUG_INFO = INCLUDE_SOURCE;
				MTL_FAST_MATH = YES;
				ONLY_ACTIVE_ARCH = YES;
				SDKROOT = iphoneos;
				SWIFT_ACTIVE_COMPILATION_CONDITIONS = "DEBUG $(inherited)";
				SWIFT_OPTIMIZATION_LEVEL = "-Onone";
				SWIFT_VERSION = 6.0;
			};
			name = Debug;
		};
		DCA84E9D2EBD345F00945801 /* Release */ = {
			isa = XCBuildConfiguration;
			buildSettings = {
				ALWAYS_SEARCH_USER_PATHS = NO;
				ASSETCATALOG_COMPILER_GENERATE_SWIFT_ASSET_SYMBOL_EXTENSIONS = YES;
				CLANG_ANALYZER_NONNULL = YES;
				CLANG_ANALYZER_NUMBER_OBJECT_CONVERSION = YES_AGGRESSIVE;
				CLANG_CXX_LANGUAGE_STANDARD = "gnu++20";
				CLANG_ENABLE_MODULES = YES;
				CLANG_ENABLE_OBJC_ARC = YES;
				CLANG_ENABLE_OBJC_WEAK = YES;
				CLANG_WARN_BLOCK_CAPTURE_AUTORELEASING = YES;
				CLANG_WARN_BOOL_CONVERSION = YES;
				CLANG_WARN_COMMA = YES;
				CLANG_WARN_CONSTANT_CONVERSION = YES;
				CLANG_WARN_DEPRECATED_OBJC_IMPLEMENTATIONS = YES;
				CLANG_WARN_DIRECT_OBJC_ISA_USAGE = YES_ERROR;
				CLANG_WARN_DOCUMENTATION_COMMENTS = YES;
				CLANG_WARN_EMPTY_BODY = YES;
				CLANG_WARN_ENUM_CONVERSION = YES;
				CLANG_WARN_INFINITE_RECURSION = YES;
				CLANG_WARN_INT_CONVERSION = YES;
				CLANG_WARN_NON_LITERAL_NULL_CONVERSION = YES;
				CLANG_WARN_OBJC_IMPLICIT_RETAIN_SELF = YES;
				CLANG_WARN_OBJC_LITERAL_CONVERSION = YES;
				CLANG_WARN_OBJC_ROOT_CLASS = YES_ERROR;
				CLANG_WARN_QUOTED_INCLUDE_IN_FRAMEWORK_HEADER = YES;
				CLANG_WARN_RANGE_LOOP_ANALYSIS = YES;
				CLANG_WARN_STRICT_PROTOTYPES = YES;
				CLANG_WARN_SUSPICIOUS_MOVE = YES;
				CLANG_WARN_UNGUARDED_AVAILABILITY = YES_AGGRESSIVE;
				CLANG_WARN_UNREACHABLE_CODE = YES;
				CLANG_WARN__DUPLICATE_METHOD_MATCH = YES;
				COPY_PHASE_STRIP = NO;
				DEBUG_INFORMATION_FORMAT = "dwarf-with-dsym";
				DEVELOPMENT_TEAM = 85F49QNXT3;
				ENABLE_NS_ASSERTIONS = NO;
				ENABLE_STRICT_OBJC_MSGSEND = YES;
				ENABLE_USER_SCRIPT_SANDBOXING = YES;
				GCC_C_LANGUAGE_STANDARD = gnu17;
				GCC_NO_COMMON_BLOCKS = YES;
				GCC_WARN_64_TO_32_BIT_CONVERSION = YES;
				GCC_WARN_ABOUT_RETURN_TYPE = YES_ERROR;
				GCC_WARN_UNDECLARED_SELECTOR = YES;
				GCC_WARN_UNINITIALIZED_AUTOS = YES_AGGRESSIVE;
				GCC_WARN_UNUSED_FUNCTION = YES;
				GCC_WARN_UNUSED_VARIABLE = YES;
				IPHONEOS_DEPLOYMENT_TARGET = 26.1;
				LOCALIZATION_PREFERS_STRING_CATALOGS = YES;
				MTL_ENABLE_DEBUG_INFO = NO;
				MTL_FAST_MATH = YES;
				SDKROOT = iphoneos;
				SWIFT_COMPILATION_MODE = wholemodule;
				SWIFT_VERSION = 6.0;
				VALIDATE_PRODUCT = YES;
			};
			name = Release;
		};
		DCA84E9F2EBD345F00945801 /* Debug */ = {
			isa = XCBuildConfiguration;
			baseConfigurationReference = DC9466B42EC22B2600E4C0BD /* Config.xcconfig */;
			buildSettings = {
				ASSETCATALOG_COMPILER_APPICON_NAME = DriveLine;
				ASSETCATALOG_COMPILER_GLOBAL_ACCENT_COLOR_NAME = AccentColor;
				CODE_SIGN_STYLE = Automatic;
				CURRENT_PROJECT_VERSION = 1;
				DEVELOPMENT_TEAM = 85F49QNXT3;
				ENABLE_APP_SANDBOX = YES;
				ENABLE_HARDENED_RUNTIME = YES;
				ENABLE_OUTGOING_NETWORK_CONNECTIONS = YES;
				ENABLE_PREVIEWS = YES;
				ENABLE_RESOURCE_ACCESS_AUDIO_INPUT = YES;
				ENABLE_RESOURCE_ACCESS_CALENDARS = YES;
				ENABLE_RESOURCE_ACCESS_CONTACTS = YES;
				ENABLE_RESOURCE_ACCESS_LOCATION = YES;
				GENERATE_INFOPLIST_FILE = YES;
				INFOPLIST_FILE = DriveLine/Info.plist;
				INFOPLIST_KEY_LSApplicationCategoryType = "public.app-category.productivity";
				INFOPLIST_KEY_NSCalendarsUsageDescription = "DriveLine needs access to your calendar to schedule driving lessons and car maintenance events.";
				INFOPLIST_KEY_NSContactsUsageDescription = "DriveLine may access your contacts to link lessons or service appointments with specific instructors or mechanics.";
				INFOPLIST_KEY_NSLocationWhenInUseUsageDescription = "DriveLine uses your location to plan routes and identify driving school pickup or service locations.";
				INFOPLIST_KEY_NSMicrophoneUsageDescription = "We need microphone access to listen to your commands";
				INFOPLIST_KEY_NSRemindersUsageDescription = "DriveLine uses reminders to notify you of upcoming lessons, car service appointments, and other important tasks.";
				INFOPLIST_KEY_NSSpeechRecognitionUsageDescription = "We need speech recognition to understand your voice commands while driving";
				INFOPLIST_KEY_UIApplicationSceneManifest_Generation = YES;
				INFOPLIST_KEY_UIApplicationSupportsIndirectInputEvents = YES;
				INFOPLIST_KEY_UILaunchScreen_Generation = YES;
				INFOPLIST_KEY_UISupportedInterfaceOrientations_iPad = "UIInterfaceOrientationPortrait UIInterfaceOrientationPortraitUpsideDown UIInterfaceOrientationLandscapeLeft UIInterfaceOrientationLandscapeRight";
				INFOPLIST_KEY_UISupportedInterfaceOrientations_iPhone = "UIInterfaceOrientationPortrait UIInterfaceOrientationLandscapeLeft UIInterfaceOrientationLandscapeRight";
				IPHONEOS_DEPLOYMENT_TARGET = 17.0;
				LD_RUNPATH_SEARCH_PATHS = (
					"$(inherited)",
					"@executable_path/Frameworks",
				);
				MARKETING_VERSION = 1.0;
				PRODUCT_BUNDLE_IDENTIFIER = com.omar.DriveLine;
				PRODUCT_NAME = "$(TARGET_NAME)";
				REGISTER_APP_GROUPS = YES;
				STRING_CATALOG_GENERATE_SYMBOLS = YES;
				SUPPORTED_PLATFORMS = "iphoneos iphonesimulator";
				SUPPORTS_MACCATALYST = NO;
				SWIFT_APPROACHABLE_CONCURRENCY = YES;
				SWIFT_DEFAULT_ACTOR_ISOLATION = MainActor;
				SWIFT_EMIT_LOC_STRINGS = YES;
				SWIFT_UPCOMING_FEATURE_MEMBER_IMPORT_VISIBILITY = YES;
				SWIFT_VERSION = 6.0;
				TARGETED_DEVICE_FAMILY = "1,2";
			};
			name = Debug;
		};
		DCA84EA02EBD345F00945801 /* Release */ = {
			isa = XCBuildConfiguration;
			baseConfigurationReference = DC9466B42EC22B2600E4C0BD /* Config.xcconfig */;
			buildSettings = {
				ASSETCATALOG_COMPILER_APPICON_NAME = DriveLine;
				ASSETCATALOG_COMPILER_GLOBAL_ACCENT_COLOR_NAME = AccentColor;
				CODE_SIGN_STYLE = Automatic;
				CURRENT_PROJECT_VERSION = 1;
				DEVELOPMENT_TEAM = 85F49QNXT3;
				ENABLE_APP_SANDBOX = YES;
				ENABLE_HARDENED_RUNTIME = YES;
				ENABLE_OUTGOING_NETWORK_CONNECTIONS = YES;
				ENABLE_PREVIEWS = YES;
				ENABLE_RESOURCE_ACCESS_AUDIO_INPUT = YES;
				ENABLE_RESOURCE_ACCESS_CALENDARS = YES;
				ENABLE_RESOURCE_ACCESS_CONTACTS = YES;
				ENABLE_RESOURCE_ACCESS_LOCATION = YES;
				GENERATE_INFOPLIST_FILE = YES;
				INFOPLIST_FILE = DriveLine/Info.plist;
				INFOPLIST_KEY_LSApplicationCategoryType = "public.app-category.productivity";
				INFOPLIST_KEY_NSCalendarsUsageDescription = "DriveLine needs access to your calendar to schedule driving lessons and car maintenance events.";
				INFOPLIST_KEY_NSContactsUsageDescription = "DriveLine may access your contacts to link lessons or service appointments with specific instructors or mechanics.";
				INFOPLIST_KEY_NSLocationWhenInUseUsageDescription = "DriveLine uses your location to plan routes and identify driving school pickup or service locations.";
				INFOPLIST_KEY_NSMicrophoneUsageDescription = "We need microphone access to listen to your commands";
				INFOPLIST_KEY_NSRemindersUsageDescription = "DriveLine uses reminders to notify you of upcoming lessons, car service appointments, and other important tasks.";
				INFOPLIST_KEY_NSSpeechRecognitionUsageDescription = "We need speech recognition to understand your voice commands while driving";
				INFOPLIST_KEY_UIApplicationSceneManifest_Generation = YES;
				INFOPLIST_KEY_UIApplicationSupportsIndirectInputEvents = YES;
				INFOPLIST_KEY_UILaunchScreen_Generation = YES;
				INFOPLIST_KEY_UISupportedInterfaceOrientations_iPad = "UIInterfaceOrientationPortrait UIInterfaceOrientationPortraitUpsideDown UIInterfaceOrientationLandscapeLeft UIInterfaceOrientationLandscapeRight";
				INFOPLIST_KEY_UISupportedInterfaceOrientations_iPhone = "UIInterfaceOrientationPortrait UIInterfaceOrientationLandscapeLeft UIInterfaceOrientationLandscapeRight";
				IPHONEOS_DEPLOYMENT_TARGET = 17.0;
				LD_RUNPATH_SEARCH_PATHS = (
					"$(inherited)",
					"@executable_path/Frameworks",
				);
				MARKETING_VERSION = 1.0;
				PRODUCT_BUNDLE_IDENTIFIER = com.omar.DriveLine;
				PRODUCT_NAME = "$(TARGET_NAME)";
				REGISTER_APP_GROUPS = YES;
				STRING_CATALOG_GENERATE_SYMBOLS = YES;
				SUPPORTED_PLATFORMS = "iphoneos iphonesimulator";
				SUPPORTS_MACCATALYST = NO;
				SWIFT_APPROACHABLE_CONCURRENCY = YES;
				SWIFT_DEFAULT_ACTOR_ISOLATION = MainActor;
				SWIFT_EMIT_LOC_STRINGS = YES;
				SWIFT_UPCOMING_FEATURE_MEMBER_IMPORT_VISIBILITY = YES;
				SWIFT_VERSION = 6.0;
				TARGETED_DEVICE_FAMILY = "1,2";
			};
			name = Release;
		};
/* End XCBuildConfiguration section */

/* Begin XCConfigurationList section */
		DCA84E8E2EBD345E00945801 /* Build configuration list for PBXProject "DriveLine" */ = {
			isa = XCConfigurationList;
			buildConfigurations = (
				DCA84E9C2EBD345F00945801 /* Debug */,
				DCA84E9D2EBD345F00945801 /* Release */,
			);
			defaultConfigurationIsVisible = 0;
			defaultConfigurationName = Release;
		};
		DCA84E9E2EBD345F00945801 /* Build configuration list for PBXNativeTarget "DriveLine" */ = {
			isa = XCConfigurationList;
			buildConfigurations = (
				DCA84E9F2EBD345F00945801 /* Debug */,
				DCA84EA02EBD345F00945801 /* Release */,
			);
			defaultConfigurationIsVisible = 0;
			defaultConfigurationName = Release;
		};
/* End XCConfigurationList section */

/* Begin XCRemoteSwiftPackageReference section */
		DCA84EA92EBD358200945801 /* XCRemoteSwiftPackageReference "Swinject" */ = {
			isa = XCRemoteSwiftPackageReference;
			repositoryURL = "https://github.com/Swinject/Swinject";
			requirement = {
				kind = upToNextMajorVersion;
				minimumVersion = 2.10.0;
			};
		};
		DCA84EAC2EBD359400945801 /* XCRemoteSwiftPackageReference "couchbase-lite-swift" */ = {
			isa = XCRemoteSwiftPackageReference;
			repositoryURL = "https://github.com/couchbase/couchbase-lite-swift";
			requirement = {
				kind = upToNextMajorVersion;
				minimumVersion = 4.0.0;
			};
		};
		DCA84EAF2EBD35A000945801 /* XCRemoteSwiftPackageReference "SwiftUI-Sturdy" */ = {
			isa = XCRemoteSwiftPackageReference;
			repositoryURL = "https://github.com/OmAr-Kader/SwiftUI-Sturdy";
			requirement = {
				kind = upToNextMajorVersion;
				minimumVersion = 1.1.1;
			};
		};
/* End XCRemoteSwiftPackageReference section */

/* Begin XCSwiftPackageProductDependency section */
		DCA84EAA2EBD358200945801 /* Swinject */ = {
			isa = XCSwiftPackageProductDependency;
			package = DCA84EA92EBD358200945801 /* XCRemoteSwiftPackageReference "Swinject" */;
			productName = Swinject;
		};
		DCA84EAD2EBD359400945801 /* CouchbaseLiteSwift */ = {
			isa = XCSwiftPackageProductDependency;
			package = DCA84EAC2EBD359400945801 /* XCRemoteSwiftPackageReference "couchbase-lite-swift" */;
			productName = CouchbaseLiteSwift;
		};
		DCA84EB02EBD35A000945801 /* SwiftUISturdy */ = {
			isa = XCSwiftPackageProductDependency;
			package = DCA84EAF2EBD35A000945801 /* XCRemoteSwiftPackageReference "SwiftUI-Sturdy" */;
			productName = SwiftUISturdy;
		};
/* End XCSwiftPackageProductDependency section */
	};
	rootObject = DCA84E8B2EBD345E00945801 /* Project object */;
}
